
Microsoft Visual Studio Solution File, Format Version 12.00
# Visual Studio 2013
VisualStudioVersion = 12.0.21005.1
MinimumVisualStudioVersion = 10.0.40219.1
Project("{FAE04EC0-301F-11D3-BF4B-00C04F79EFBC}") = "Unit Test Project 1", "Unit Test Project 1\Unit Test Project 1.csproj", "{98B221FC-3CBE-469E-BBB2-776FB9AC4E70}"
EndProject
Project("{FAE04EC0-301F-11D3-BF4B-00C04F79EFBC}") = "ClassLibrary1", "ClassLibrary1\ClassLibrary1.csproj", "{368641EF-BD89-44E6-8AE2-053510A5F303}"
EndProject
Global
	GlobalSection(SolutionConfigurationPlatforms) = preSolution
		Debug|Any CPU = Debug|Any CPU
		Release|Any CPU = Release|Any CPU
	EndGlobalSection
	GlobalSection(ProjectConfigurationPlatforms) = postSolution
		{98B221FC-3CBE-469E-BBB2-776FB9AC4E70}.Debug|Any CPU.ActiveCfg = Debug|Any CPU
		{98B221FC-3CBE-469E-BBB2-776FB9AC4E70}.Debug|Any CPU.Build.0 = Debug|Any CPU
		{98B221FC-3CBE-469E-BBB2-776FB9AC4E70}.Release|Any CPU.ActiveCfg = Release|Any CPU
		{98B221FC-3CBE-469E-BBB2-776FB9AC4E70}.Release|Any CPU.Build.0 = Release|Any CPU
		{368641EF-BD89-44E6-8AE2-053510A5F303}.Debug|Any CPU.ActiveCfg = Debug|Any CPU
		{368641EF-BD89-44E6-8AE2-053510A5F303}.Debug|Any CPU.Build.0 = Debug|Any CPU
		{368641EF-BD89-44E6-8AE2-053510A5F303}.Release|Any CPU.ActiveCfg = Release|Any CPU
		{368641EF-BD89-44E6-8AE2-053510A5F303}.Release|Any CPU.Build.0 = Release|Any CPU
	EndGlobalSection
	GlobalSection(SolutionProperties) = preSolution
		HideSolutionNode = FALSE
	EndGlobalSection
EndGlobal
